
Microsoft Visual Studio Solution File, Format Version 12.00
# Visual Studio Version 16
VisualStudioVersion = 16.0.30128.74
MinimumVisualStudioVersion = 10.0.40219.1
Project("{9092AA53-FB77-4645-B42D-1CCCA6BD08BD}") = "JavaScript_Assignment1", "JavaScript_Assignment1\JavaScript_Assignment1.njsproj", "{BF2DB067-913E-4412-8E3B-24DBEC600FD7}"
EndProject
Global
	GlobalSection(SolutionConfigurationPlatforms) = preSolution
		Debug|Any CPU = Debug|Any CPU
		Release|Any CPU = Release|Any CPU
	EndGlobalSection
	GlobalSection(ProjectConfigurationPlatforms) = postSolution
		{BF2DB067-913E-4412-8E3B-24DBEC600FD7}.Debug|Any CPU.ActiveCfg = Debug|Any CPU
		{BF2DB067-913E-4412-8E3B-24DBEC600FD7}.Debug|Any CPU.Build.0 = Debug|Any CPU
		{BF2DB067-913E-4412-8E3B-24DBEC600FD7}.Release|Any CPU.ActiveCfg = Release|Any CPU
		{BF2DB067-913E-4412-8E3B-24DBEC600FD7}.Release|Any CPU.Build.0 = Release|Any CPU
	EndGlobalSection
	GlobalSection(SolutionProperties) = preSolution
		HideSolutionNode = FALSE
	EndGlobalSection
	GlobalSection(ExtensibilityGlobals) = postSolution
		SolutionGuid = {ADFE7F68-39A8-4EA3-A165-DFA977EDD886}
	EndGlobalSection
EndGlobal
